PODS:
  - Alamofire (4.7.2)
  - Realm (3.2.0):
    - Realm/Headers (= 3.2.0)
  - Realm/Headers (3.2.0)
  - RealmSwift (3.2.0):
    - Realm (= 3.2.0)

DEPENDENCIES:
  - Alamofire (~> 4.7)
  - RealmSwift (~> 3.2.0)

SPEC REPOS:
  https://github.com/CocoaPods/Specs.git:
    - Alamofire
    - Realm
    - RealmSwift

SPEC CHECKSUMS:
  Alamofire: e4fa87002c137ba2d8d634d2c51fabcda0d5c223
  Realm: ae552b9b9eca3a12374a589fa842f220e286a80a
  RealmSwift: 05727129547dcab3fe828bd87bc30be903736b9c

PODFILE CHECKSUM: eae3d6495a3aa2ba92bc568397db409040439432

COCOAPODS: 1.5.0
